<Solution>
  <Folder Name="/Base/" />
  <Folder Name="/Base/Interface/">
    <Project Path="USS.Base.Business.Interface/USS.Base.Business.Interface.csproj" Id="58ae3381-fbc2-46a9-8f42-b6ebbef2a198" />
    <Project Path="USS.Base.Data.Interface/USS.Base.Data.Interface.csproj" Id="60b5a481-fb53-454d-a665-c66172c3f0f8" />
  </Folder>
  <Folder Name="/Base/Library/">
    <Project Path="USS.Base.Data/USS.Base.Data.csproj" Id="32c4d194-1326-4330-80a9-1532031d1e8a" />
    <Project Path="USS.Base.Extension/USS.Base.Extension.csproj" Id="1d1b2074-83e9-4e64-a012-83a6ca21a96f" />
  </Folder>
  <Folder Name="/Kanakkedu/" />
  <Folder Name="/Kanakkedu/Interface/">
    <Project Path="USS.Kanakkedu.Data.Interface/USS.Kanakkedu.Data.Interface.csproj" Id="a0d54ddd-322b-4f4f-81bc-27a7d3b32e0c" />
    <Project Path="USS.Kanakkenu.Business.Interface/USS.Kanakkedu.Business.Interface.csproj" Id="b80f7158-d60d-4de8-9c30-1d63f57a5a8d" />
  </Folder>
  <Folder Name="/Kanakkedu/Library/">
    <Project Path="USS.Kanakkedu.Business/USS.Kanakkedu.Business.csproj" Id="ce920532-7b24-47ec-bcbe-7ba1999b3871" />
    <Project Path="USS.Kanakkedu.Data/USS.Kanakkedu.Data.csproj" Id="b052c98d-eaf4-4c6c-b28f-524f208dd625" />
    <Project Path="USS.Kanakkedu.Model/USS.Kanakkedu.Model.csproj" Id="a83a7f19-2015-40ab-aaaa-29826048d4b5" />
  </Folder>
  <Folder Name="/Kanakkedu/Projects/">
    <Project Path="USS.Kanakkedu.ApiService/USS.Kanakkedu.ApiService.csproj" />
    <Project Path="USS.Kanakkedu.AppHost/USS.Kanakkedu.AppHost.csproj" Id="079131a1-89e7-489c-bb3b-9895c4b61991" />
    <Project Path="USS.Kanakkedu.SQL/USS.Kanakkedu.SQL.sqlproj" Id="0ab02db7-dafe-4b3b-b99b-8a8118b180ae">
      <Build />
      <Deploy />
    </Project>
    <Project Path="USS.Kanakkedu.Web/USS.Kanakkedu.Web.csproj" />
  </Folder>
  <Folder Name="/Kanakkedu/Test/">
    <Project Path="USS.Kanakkedu.ClientService/USS.Kanakkedu.ClientService.csproj" Id="3fb8d422-5318-44d7-b2b4-abe9dd5dc21b" />
    <Project Path="USS.Kanakkedu.ServiceDefaults/USS.Kanakkedu.ServiceDefaults.csproj" />
    <Project Path="USS.Kanakkedu.Test.Console/USS.Kanakkedu.Test.Console.csproj" Id="d0e954e1-c9d8-4aed-a482-9151bc647e64" />
  </Folder>
</Solution>
