<Solution>
  <Folder Name="/Interface/">
    <Project Path="USS.Kanakkedu.Data.Interface/USS.Kanakkedu.Data.Interface.csproj" Id="a0d54ddd-322b-4f4f-81bc-27a7d3b32e0c" />
    <Project Path="USS.Kanakkenu.Business.Interface/USS.Kanakkedu.Business.Interface.csproj" Id="b80f7158-d60d-4de8-9c30-1d63f57a5a8d" />
  </Folder>
  <Folder Name="/Library/">
    <Project Path="USS.Kanakkedu.Business/USS.Kanakkedu.Business.csproj" Id="ce920532-7b24-47ec-bcbe-7ba1999b3871" />
    <Project Path="USS.Kanakkedu.Data/USS.Kanakkedu.Data.csproj" Id="b052c98d-eaf4-4c6c-b28f-524f208dd625" />
    <Project Path="USS.Kanakkedu.Model/USS.Kanakkedu.Model.csproj" Id="a83a7f19-2015-40ab-aaaa-29826048d4b5" />
  </Folder>
  <Project Path="USS.Kanakkedu.ApiService/USS.Kanakkedu.ApiService.csproj" />
  <Project Path="USS.Kanakkedu.AppHost/USS.Kanakkedu.AppHost.csproj" Id="079131a1-89e7-489c-bb3b-9895c4b61991" />
  <Project Path="USS.Kanakkedu.ServiceDefaults/USS.Kanakkedu.ServiceDefaults.csproj" />
  <Project Path="USS.Kanakkedu.SQL/USS.Kanakkedu.SQL.sqlproj" Id="0ab02db7-dafe-4b3b-b99b-8a8118b180ae">
    <Build />
    <Deploy />
  </Project>
  <Project Path="USS.Kanakkedu.Web/USS.Kanakkedu.Web.csproj" />
</Solution>
